// !$*UTF8*$!
{
	archiveVersion = 1;
	classes = {
	};
	objectVersion = 48;
	objects = {

/* Begin PBXBuildFile section */
		34B34B6A9509B8FAD08C4BAE /* Pods_RxColor.framework in Frameworks */ = {isa = PBXBuildFile; fileRef = 6DFF1FF9CCF563B0E46891BA /* Pods_RxColor.framework */; };
		BAB349612116D823003692DB /* AppDelegate.swift in Sources */ = {isa = PBXBuildFile; fileRef = BAB349602116D823003692DB /* AppDelegate.swift */; };
		BAB349632116D823003692DB /* ViewController.swift in Sources */ = {isa = PBXBuildFile; fileRef = BAB349622116D823003692DB /* ViewController.swift */; };
		BAB349662116D823003692DB /* Main.storyboard in Resources */ = {isa = PBXBuildFile; fileRef = BAB349642116D823003692DB /* Main.storyboard */; };
		BAB349682116D823003692DB /* Assets.xcassets in Resources */ = {isa = PBXBuildFile; fileRef = BAB349672116D823003692DB /* Assets.xcassets */; };
		BAB3496B2116D823003692DB /* LaunchScreen.storyboard in Resources */ = {isa = PBXBuildFile; fileRef = BAB349692116D823003692DB /* LaunchScreen.storyboard */; };
		BAC3634C21172BC100FB026D /* UIView+Rx.swift in Sources */ = {isa = PBXBuildFile; fileRef = BAC3634B21172BC100FB026D /* UIView+Rx.swift */; };
/* End PBXBuildFile section */

/* Begin PBXFileReference section */
		5CFC8674EDEF21C65CBAFB1D /* Pods-RxColor.debug.xcconfig */ = {isa = PBXFileReference; includeInIndex = 1; lastKnownFileType = text.xcconfig; name = "Pods-RxColor.debug.xcconfig"; path = "Pods/Target Support Files/Pods-RxColor/Pods-RxColor.debug.xcconfig"; sourceTree = "<group>"; };
		6DFF1FF9CCF563B0E46891BA /* Pods_RxColor.framework */ = {isa = PBXFileReference; explicitFileType = wrapper.framework; includeInIndex = 0; path = Pods_RxColor.framework; sourceTree = BUILT_PRODUCTS_DIR; };
		BAB3495D2116D823003692DB /* RxColor.app */ = {isa = PBXFileReference; explicitFileType = wrapper.application; includeInIndex = 0; path = RxColor.app; sourceTree = BUILT_PRODUCTS_DIR; };
		BAB349602116D823003692DB /* AppDelegate.swift */ = {isa = PBXFileReference; lastKnownFileType = sourcecode.swift; path = AppDelegate.swift; sourceTree = "<group>"; };
		BAB349622116D823003692DB /* ViewController.swift */ = {isa = PBXFileReference; lastKnownFileType = sourcecode.swift; path = ViewController.swift; sourceTree = "<group>"; };
		BAB349652116D823003692DB /* Base */ = {isa = PBXFileReference; lastKnownFileType = file.storyboard; name = Base; path = Base.lproj/Main.storyboard; sourceTree = "<group>"; };
		BAB349672116D823003692DB /* Assets.xcassets */ = {isa = PBXFileReference; lastKnownFileType = folder.assetcatalog; path = Assets.xcassets; sourceTree = "<group>"; };
		BAB3496A2116D823003692DB /* Base */ = {isa = PBXFileReference; lastKnownFileType = file.storyboard; name = Base; path = Base.lproj/LaunchScreen.storyboard; sourceTree = "<group>"; };
		BAB3496C2116D823003692DB /* Info.plist */ = {isa = PBXFileReference; lastKnownFileType = text.plist.xml; path = Info.plist; sourceTree = "<group>"; };
		BAC3634B21172BC100FB026D /* UIView+Rx.swift */ = {isa = PBXFileReference; lastKnownFileType = sourcecode.swift; path = "UIView+Rx.swift"; sourceTree = "<group>"; };
		C2D64ADC30365C0A63AD8688 /* Pods-RxColor.release.xcconfig */ = {isa = PBXFileReference; includeInIndex = 1; lastKnownFileType = text.xcconfig; name = "Pods-RxColor.release.xcconfig"; path = "Pods/Target Support Files/Pods-RxColor/Pods-RxColor.release.xcconfig"; sourceTree = "<group>"; };
/* End PBXFileReference section */

/* Begin PBXFrameworksBuildPhase section */
		BAB3495A2116D823003692DB /* Frameworks */ = {
			isa = PBXFrameworksBuildPhase;
			buildActionMask = 2147483647;
			files = (
				34B34B6A9509B8FAD08C4BAE /* Pods_RxColor.framework in Frameworks */,
			);
			runOnlyForDeploymentPostprocessing = 0;
		};
/* End PBXFrameworksBuildPhase section */

/* Begin PBXGroup section */
		58D3176212048AC04C772966 /* Frameworks */ = {
			isa = PBXGroup;
			children = (
				6DFF1FF9CCF563B0E46891BA /* Pods_RxColor.framework */,
			);
			name = Frameworks;
			sourceTree = "<group>";
		};
		97C402D161193EA6C38C514A /* Pods */ = {
			isa = PBXGroup;
			children = (
				5CFC8674EDEF21C65CBAFB1D /* Pods-RxColor.debug.xcconfig */,
				C2D64ADC30365C0A63AD8688 /* Pods-RxColor.release.xcconfig */,
			);
			name = Pods;
			sourceTree = "<group>";
		};
		BAB349542116D823003692DB = {
			isa = PBXGroup;
			children = (
				BAB3495F2116D823003692DB /* RxColor */,
				BAB3495E2116D823003692DB /* Products */,
				97C402D161193EA6C38C514A /* Pods */,
				58D3176212048AC04C772966 /* Frameworks */,
			);
			sourceTree = "<group>";
		};
		BAB3495E2116D823003692DB /* Products */ = {
			isa = PBXGroup;
			children = (
				BAB3495D2116D823003692DB /* RxColor.app */,
			);
			name = Products;
			sourceTree = "<group>";
		};
		BAB3495F2116D823003692DB /* RxColor */ = {
			isa = PBXGroup;
			children = (
				BAB349602116D823003692DB /* AppDelegate.swift */,
				BAB349622116D823003692DB /* ViewController.swift */,
				BAB349642116D823003692DB /* Main.storyboard */,
				BAB349672116D823003692DB /* Assets.xcassets */,
				BAB349692116D823003692DB /* LaunchScreen.storyboard */,
				BAB3496C2116D823003692DB /* Info.plist */,
				BAC3634B21172BC100FB026D /* UIView+Rx.swift */,
			);
			path = RxColor;
			sourceTree = "<group>";
		};
/* End PBXGroup section */

/* Begin PBXNativeTarget section */
		BAB3495C2116D823003692DB /* RxColor */ = {
			isa = PBXNativeTarget;
			buildConfigurationList = BAB3496F2116D823003692DB /* Build configuration list for PBXNativeTarget "RxColor" */;
			buildPhases = (
				96ADCA1E6898799B82993A42 /* [CP] Check Pods Manifest.lock */,
				BAB349592116D823003692DB /* Sources */,
				BAB3495A2116D823003692DB /* Frameworks */,
				BAB3495B2116D823003692DB /* Resources */,
				304806A726ACE2D94FFF9FD5 /* [CP] Embed Pods Frameworks */,
			);
			buildRules = (
			);
			dependencies = (
			);
			name = RxColor;
			productName = RxColor;
			productReference = BAB3495D2116D823003692DB /* RxColor.app */;
			productType = "com.apple.product-type.application";
		};
/* End PBXNativeTarget section */

/* Begin PBXProject section */
		BAB349552116D823003692DB /* Project object */ = {
			isa = PBXProject;
			attributes = {
				LastSwiftUpdateCheck = 0920;
				LastUpgradeCheck = 0920;
				ORGANIZATIONNAME = kanghoon;
				TargetAttributes = {
					BAB3495C2116D823003692DB = {
						CreatedOnToolsVersion = 9.2;
						ProvisioningStyle = Automatic;
					};
				};
			};
			buildConfigurationList = BAB349582116D823003692DB /* Build configuration list for PBXProject "RxColor" */;
			compatibilityVersion = "Xcode 8.0";
			developmentRegion = en;
			hasScannedForEncodings = 0;
			knownRegions = (
				en,
				Base,
			);
			mainGroup = BAB349542116D823003692DB;
			productRefGroup = BAB3495E2116D823003692DB /* Products */;
			projectDirPath = "";
			projectRoot = "";
			targets = (
				BAB3495C2116D823003692DB /* RxColor */,
			);
		};
/* End PBXProject section */

/* Begin PBXResourcesBuildPhase section */
		BAB3495B2116D823003692DB /* Resources */ = {
			isa = PBXResourcesBuildPhase;
			buildActionMask = 2147483647;
			files = (
				BAB3496B2116D823003692DB /* LaunchScreen.storyboard in Resources */,
				BAB349682116D823003692DB /* Assets.xcassets in Resources */,
				BAB349662116D823003692DB /* Main.storyboard in Resources */,
			);
			runOnlyForDeploymentPostprocessing = 0;
		};
/* End PBXResourcesBuildPhase section */

/* Begin PBXShellScriptBuildPhase section */
		304806A726ACE2D94FFF9FD5 /* [CP] Embed Pods Frameworks */ = {
			isa = PBXShellScriptBuildPhase;
			buildActionMask = 2147483647;
			files = (
			);
			inputPaths = (
				"${SRCROOT}/Pods/Target Support Files/Pods-RxColor/Pods-RxColor-frameworks.sh",
				"${BUILT_PRODUCTS_DIR}/RxCocoa/RxCocoa.framework",
				"${BUILT_PRODUCTS_DIR}/RxSwift/RxSwift.framework",
			);
			name = "[CP] Embed Pods Frameworks";
			outputPaths = (
				"${TARGET_BUILD_DIR}/${FRAMEWORKS_FOLDER_PATH}/RxCocoa.framework",
				"${TARGET_BUILD_DIR}/${FRAMEWORKS_FOLDER_PATH}/RxSwift.framework",
			);
			runOnlyForDeploymentPostprocessing = 0;
			shellPath = /bin/sh;
			shellScript = "\"${SRCROOT}/Pods/Target Support Files/Pods-RxColor/Pods-RxColor-frameworks.sh\"\n";
			showEnvVarsInLog = 0;
		};
		96ADCA1E6898799B82993A42 /* [CP] Check Pods Manifest.lock */ = {
			isa = PBXShellScriptBuildPhase;
			buildActionMask = 2147483647;
			files = (
			);
			inputPaths = (
				"${PODS_PODFILE_DIR_PATH}/Podfile.lock",
				"${PODS_ROOT}/Manifest.lock",
			);
			name = "[CP] Check Pods Manifest.lock";
			outputPaths = (
				"$(DERIVED_FILE_DIR)/Pods-RxColor-checkManifestLockResult.txt",
			);
			runOnlyForDeploymentPostprocessing = 0;
			shellPath = /bin/sh;
			shellScript = "diff \"${PODS_PODFILE_DIR_PATH}/Podfile.lock\" \"${PODS_ROOT}/Manifest.lock\" > /dev/null\nif [ $? != 0 ] ; then\n    # print error to STDERR\n    echo \"error: The sandbox is not in sync with the Podfile.lock. Run 'pod install' or update your CocoaPods installation.\" >&2\n    exit 1\nfi\n# This output is used by Xcode 'outputs' to avoid re-running this script phase.\necho \"SUCCESS\" > \"${SCRIPT_OUTPUT_FILE_0}\"\n";
			showEnvVarsInLog = 0;
		};
/* End PBXShellScriptBuildPhase section */

/* Begin PBXSourcesBuildPhase section */
		BAB349592116D823003692DB /* Sources */ = {
			isa = PBXSourcesBuildPhase;
			buildActionMask = 2147483647;
			files = (
				BAB349632116D823003692DB /* ViewController.swift in Sources */,
				BAC3634C21172BC100FB026D /* UIView+Rx.swift in Sources */,
				BAB349612116D823003692DB /* AppDelegate.swift in Sources */,
			);
			runOnlyForDeploymentPostprocessing = 0;
		};
/* End PBXSourcesBuildPhase section */

/* Begin PBXVariantGroup section */
		BAB349642116D823003692DB /* Main.storyboard */ = {
			isa = PBXVariantGroup;
			children = (
				BAB349652116D823003692DB /* Base */,
			);
			name = Main.storyboard;
			sourceTree = "<group>";
		};
		BAB349692116D823003692DB /* LaunchScreen.storyboard */ = {
			isa = PBXVariantGroup;
			children = (
				BAB3496A2116D823003692DB /* Base */,
			);
			name = LaunchScreen.storyboard;
			sourceTree = "<group>";
		};
/* End PBXVariantGroup section */

/* Begin XCBuildConfiguration section */
		BAB3496D2116D823003692DB /* Debug */ = {
			isa = XCBuildConfiguration;
			buildSettings = {
				ALWAYS_SEARCH_USER_PATHS = NO;
				CLANG_ANALYZER_NONNULL = YES;
				CLANG_ANALYZER_NUMBER_OBJECT_CONVERSION = YES_AGGRESSIVE;
				CLANG_CXX_LANGUAGE_STANDARD = "gnu++14";
				CLANG_CXX_LIBRARY = "libc++";
				CLANG_ENABLE_MODULES = YES;
				CLANG_ENABLE_OBJC_ARC = YES;
				CLANG_WARN_BLOCK_CAPTURE_AUTORELEASING = YES;
				CLANG_WARN_BOOL_CONVERSION = YES;
				CLANG_WARN_COMMA = YES;
				CLANG_WARN_CONSTANT_CONVERSION = YES;
				CLANG_WARN_DIRECT_OBJC_ISA_USAGE = YES_ERROR;
				CLANG_WARN_DOCUMENTATION_COMMENTS = YES;
				CLANG_WARN_EMPTY_BODY = YES;
				CLANG_WARN_ENUM_CONVERSION = YES;
				CLANG_WARN_INFINITE_RECURSION = YES;
				CLANG_WARN_INT_CONVERSION = YES;
				CLANG_WARN_NON_LITERAL_NULL_CONVERSION = YES;
				CLANG_WARN_OBJC_LITERAL_CONVERSION = YES;
				CLANG_WARN_OBJC_ROOT_CLASS = YES_ERROR;
				CLANG_WARN_RANGE_LOOP_ANALYSIS = YES;
				CLANG_WARN_STRICT_PROTOTYPES = YES;
				CLANG_WARN_SUSPICIOUS_MOVE = YES;
				CLANG_WARN_UNGUARDED_AVAILABILITY = YES_AGGRESSIVE;
				CLANG_WARN_UNREACHABLE_CODE = YES;
				CLANG_WARN__DUPLICATE_METHOD_MATCH = YES;
				CODE_SIGN_IDENTITY = "iPhone Developer";
				COPY_PHASE_STRIP = NO;
				DEBUG_INFORMATION_FORMAT = dwarf;
				ENABLE_STRICT_OBJC_MSGSEND = YES;
				ENABLE_TESTABILITY = YES;
				GCC_C_LANGUAGE_STANDARD = gnu11;
				GCC_DYNAMIC_NO_PIC = NO;
				GCC_NO_COMMON_BLOCKS = YES;
				GCC_OPTIMIZATION_LEVEL = 0;
				GCC_PREPROCESSOR_DEFINITIONS = (
					"DEBUG=1",
					"$(inherited)",
				);
				GCC_WARN_64_TO_32_BIT_CONVERSION = YES;
				GCC_WARN_ABOUT_RETURN_TYPE = YES_ERROR;
				GCC_WARN_UNDECLARED_SELECTOR = YES;
				GCC_WARN_UNINITIALIZED_AUTOS = YES_AGGRESSIVE;
				GCC_WARN_UNUSED_FUNCTION = YES;
				GCC_WARN_UNUSED_VARIABLE = YES;
				IPHONEOS_DEPLOYMENT_TARGET = 11.2;
				MTL_ENABLE_DEBUG_INFO = YES;
				ONLY_ACTIVE_ARCH = YES;
				SDKROOT = iphoneos;
				SWIFT_ACTIVE_COMPILATION_CONDITIONS = DEBUG;
				SWIFT_OPTIMIZATION_LEVEL = "-Onone";
			};
			name = Debug;
		};
		BAB3496E2116D823003692DB /* Release */ = {
			isa = XCBuildConfiguration;
			buildSettings = {
				ALWAYS_SEARCH_USER_PATHS = NO;
				CLANG_ANALYZER_NONNULL = YES;
				CLANG_ANALYZER_NUMBER_OBJECT_CONVERSION = YES_AGGRESSIVE;
				CLANG_CXX_LANGUAGE_STANDARD = "gnu++14";
				CLANG_CXX_LIBRARY = "libc++";
				CLANG_ENABLE_MODULES = YES;
				CLANG_ENABLE_OBJC_ARC = YES;
				CLANG_WARN_BLOCK_CAPTURE_AUTORELEASING = YES;
				CLANG_WARN_BOOL_CONVERSION = YES;
				CLANG_WARN_COMMA = YES;
				CLANG_WARN_CONSTANT_CONVERSION = YES;
				CLANG_WARN_DIRECT_OBJC_ISA_USAGE = YES_ERROR;
				CLANG_WARN_DOCUMENTATION_COMMENTS = YES;
				CLANG_WARN_EMPTY_BODY = YES;
				CLANG_WARN_ENUM_CONVERSION = YES;
				CLANG_WARN_INFINITE_RECURSION = YES;
				CLANG_WARN_INT_CONVERSION = YES;
				CLANG_WARN_NON_LITERAL_NULL_CONVERSION = YES;
				CLANG_WARN_OBJC_LITERAL_CONVERSION = YES;
				CLANG_WARN_OBJC_ROOT_CLASS = YES_ERROR;
				CLANG_WARN_RANGE_LOOP_ANALYSIS = YES;
				CLANG_WARN_STRICT_PROTOTYPES = YES;
				CLANG_WARN_SUSPICIOUS_MOVE = YES;
				CLANG_WARN_UNGUARDED_AVAILABILITY = YES_AGGRESSIVE;
				CLANG_WARN_UNREACHABLE_CODE = YES;
				CLANG_WARN__DUPLICATE_METHOD_MATCH = YES;
				CODE_SIGN_IDENTITY = "iPhone Developer";
				COPY_PHASE_STRIP = NO;
				DEBUG_INFORMATION_FORMAT = "dwarf-with-dsym";
				ENABLE_NS_ASSERTIONS = NO;
				ENABLE_STRICT_OBJC_MSGSEND = YES;
				GCC_C_LANGUAGE_STANDARD = gnu11;
				GCC_NO_COMMON_BLOCKS = YES;
				GCC_WARN_64_TO_32_BIT_CONVERSION = YES;
				GCC_WARN_ABOUT_RETURN_TYPE = YES_ERROR;
				GCC_WARN_UNDECLARED_SELECTOR = YES;
				GCC_WARN_UNINITIALIZED_AUTOS = YES_AGGRESSIVE;
				GCC_WARN_UNUSED_FUNCTION = YES;
				GCC_WARN_UNUSED_VARIABLE = YES;
				IPHONEOS_DEPLOYMENT_TARGET = 11.2;
				MTL_ENABLE_DEBUG_INFO = NO;
				SDKROOT = iphoneos;
				SWIFT_OPTIMIZATION_LEVEL = "-Owholemodule";
				VALIDATE_PRODUCT = YES;
			};
			name = Release;
		};
		BAB349702116D823003692DB /* Debug */ = {
			isa = XCBuildConfiguration;
			baseConfigurationReference = 5CFC8674EDEF21C65CBAFB1D /* Pods-RxColor.debug.xcconfig */;
			buildSettings = {
				ASSETCATALOG_COMPILER_APPICON_NAME = AppIcon;
				CODE_SIGN_STYLE = Automatic;
				INFOPLIST_FILE = RxColor/Info.plist;
				LD_RUNPATH_SEARCH_PATHS = "$(inherited) @executable_path/Frameworks";
				PRODUCT_BUNDLE_IDENTIFIER = com.klon.RxColor;
				PRODUCT_NAME = "$(TARGET_NAME)";
				SWIFT_VERSION = 4.0;
				TARGETED_DEVICE_FAMILY = "1,2";
			};
			name = Debug;
		};
		BAB349712116D823003692DB /* Release */ = {
			isa = XCBuildConfiguration;
			baseConfigurationReference = C2D64ADC30365C0A63AD8688 /* Pods-RxColor.release.xcconfig */;
			buildSettings = {
				ASSETCATALOG_COMPILER_APPICON_NAME = AppIcon;
				CODE_SIGN_STYLE = Automatic;
				INFOPLIST_FILE = RxColor/Info.plist;
				LD_RUNPATH_SEARCH_PATHS = "$(inherited) @executable_path/Frameworks";
				PRODUCT_BUNDLE_IDENTIFIER = com.klon.RxColor;
				PRODUCT_NAME = "$(TARGET_NAME)";
				SWIFT_VERSION = 4.0;
				TARGETED_DEVICE_FAMILY = "1,2";
			};
			name = Release;
		};
/* End XCBuildConfiguration section */

/* Begin XCConfigurationList section */
		BAB349582116D823003692DB /* Build configuration list for PBXProject "RxColor" */ = {
			isa = XCConfigurationList;
			buildConfigurations = (
				BAB3496D2116D823003692DB /* Debug */,
				BAB3496E2116D823003692DB /* Release */,
			);
			defaultConfigurationIsVisible = 0;
			defaultConfigurationName = Release;
		};
		BAB3496F2116D823003692DB /* Build configuration list for PBXNativeTarget "RxColor" */ = {
			isa = XCConfigurationList;
			buildConfigurations = (
				BAB349702116D823003692DB /* Debug */,
				BAB349712116D823003692DB /* Release */,
			);
			defaultConfigurationIsVisible = 0;
			defaultConfigurationName = Release;
		};
/* End XCConfigurationList section */
	};
	rootObject = BAB349552116D823003692DB /* Project object */;
}
